// !$*UTF8*$!
{
	archiveVersion = 1;
	classes = {
	};
	objectVersion = 50;
	objects = {

/* Begin PBXBuildFile section */
		F371CE56277E2D4A0067B974 /* AppDelegate.swift in Sources */ = {isa = PBXBuildFile; fileRef = F371CE55277E2D4A0067B974 /* AppDelegate.swift */; };
		F371CE58277E2D4A0067B974 /* SceneDelegate.swift in Sources */ = {isa = PBXBuildFile; fileRef = F371CE57277E2D4A0067B974 /* SceneDelegate.swift */; };
		F371CE5A277E2D4A0067B974 /* ConversionViewController.swift in Sources */ = {isa = PBXBuildFile; fileRef = F371CE59277E2D4A0067B974 /* ConversionViewController.swift */; };
		F371CE5D277E2D4A0067B974 /* Main.storyboard in Resources */ = {isa = PBXBuildFile; fileRef = F371CE5B277E2D4A0067B974 /* Main.storyboard */; };
		F371CE5F277E2D4D0067B974 /* Assets.xcassets in Resources */ = {isa = PBXBuildFile; fileRef = F371CE5E277E2D4D0067B974 /* Assets.xcassets */; };
		F371CE62277E2D4D0067B974 /* LaunchScreen.storyboard in Resources */ = {isa = PBXBuildFile; fileRef = F371CE60277E2D4D0067B974 /* LaunchScreen.storyboard */; };
		F371CE6D277E2D4D0067B974 /* WorldTrotterTests.swift in Sources */ = {isa = PBXBuildFile; fileRef = F371CE6C277E2D4D0067B974 /* WorldTrotterTests.swift */; };
		F371CE78277E2D4D0067B974 /* WorldTrotterUITests.swift in Sources */ = {isa = PBXBuildFile; fileRef = F371CE77277E2D4D0067B974 /* WorldTrotterUITests.swift */; };
		F371CE86277EB7010067B974 /* MapViewController.swift in Sources */ = {isa = PBXBuildFile; fileRef = F371CE85277EB7010067B974 /* MapViewController.swift */; };
		F376C80D278CB6130067696B /* Localizable.strings in Resources */ = {isa = PBXBuildFile; fileRef = F376C80F278CB6130067696B /* Localizable.strings */; };
		F376C8CB278F4CDF0067696B /* ItemsViewController.swift in Sources */ = {isa = PBXBuildFile; fileRef = F376C8CA278F4CDF0067696B /* ItemsViewController.swift */; };
		F376C8CD278F4E040067696B /* Item.swift in Sources */ = {isa = PBXBuildFile; fileRef = F376C8CC278F4E040067696B /* Item.swift */; };
		F376C8CF278F50980067696B /* ItemStore.swift in Sources */ = {isa = PBXBuildFile; fileRef = F376C8CE278F50980067696B /* ItemStore.swift */; };
		F37A96D727974E26000F9B5E /* ItemCell.swift in Sources */ = {isa = PBXBuildFile; fileRef = F37A96D627974E26000F9B5E /* ItemCell.swift */; };
/* End PBXBuildFile section */

/* Begin PBXContainerItemProxy section */
		F371CE69277E2D4D0067B974 /* PBXContainerItemProxy */ = {
			isa = PBXContainerItemProxy;
			containerPortal = F371CE4A277E2D4A0067B974 /* Project object */;
			proxyType = 1;
			remoteGlobalIDString = F371CE51277E2D4A0067B974;
			remoteInfo = WorldTrotter;
		};
		F371CE74277E2D4D0067B974 /* PBXContainerItemProxy */ = {
			isa = PBXContainerItemProxy;
			containerPortal = F371CE4A277E2D4A0067B974 /* Project object */;
			proxyType = 1;
			remoteGlobalIDString = F371CE51277E2D4A0067B974;
			remoteInfo = WorldTrotter;
		};
/* End PBXContainerItemProxy section */

/* Begin PBXFileReference section */
		F371CE52277E2D4A0067B974 /* WorldTrotter.app */ = {isa = PBXFileReference; explicitFileType = wrapper.application; includeInIndex = 0; path = WorldTrotter.app; sourceTree = BUILT_PRODUCTS_DIR; };
		F371CE55277E2D4A0067B974 /* AppDelegate.swift */ = {isa = PBXFileReference; lastKnownFileType = sourcecode.swift; path = AppDelegate.swift; sourceTree = "<group>"; };
		F371CE57277E2D4A0067B974 /* SceneDelegate.swift */ = {isa = PBXFileReference; lastKnownFileType = sourcecode.swift; path = SceneDelegate.swift; sourceTree = "<group>"; };
		F371CE59277E2D4A0067B974 /* ConversionViewController.swift */ = {isa = PBXFileReference; lastKnownFileType = sourcecode.swift; path = ConversionViewController.swift; sourceTree = "<group>"; };
		F371CE5C277E2D4A0067B974 /* Base */ = {isa = PBXFileReference; lastKnownFileType = file.storyboard; name = Base; path = Base.lproj/Main.storyboard; sourceTree = "<group>"; };
		F371CE5E277E2D4D0067B974 /* Assets.xcassets */ = {isa = PBXFileReference; lastKnownFileType = folder.assetcatalog; path = Assets.xcassets; sourceTree = "<group>"; };
		F371CE61277E2D4D0067B974 /* Base */ = {isa = PBXFileReference; lastKnownFileType = file.storyboard; name = Base; path = Base.lproj/LaunchScreen.storyboard; sourceTree = "<group>"; };
		F371CE63277E2D4D0067B974 /* Info.plist */ = {isa = PBXFileReference; lastKnownFileType = text.plist.xml; path = Info.plist; sourceTree = "<group>"; };
		F371CE68277E2D4D0067B974 /* WorldTrotterTests.xctest */ = {isa = PBXFileReference; explicitFileType = wrapper.cfbundle; includeInIndex = 0; path = WorldTrotterTests.xctest; sourceTree = BUILT_PRODUCTS_DIR; };
		F371CE6C277E2D4D0067B974 /* WorldTrotterTests.swift */ = {isa = PBXFileReference; lastKnownFileType = sourcecode.swift; path = WorldTrotterTests.swift; sourceTree = "<group>"; };
		F371CE6E277E2D4D0067B974 /* Info.plist */ = {isa = PBXFileReference; lastKnownFileType = text.plist.xml; path = Info.plist; sourceTree = "<group>"; };
		F371CE73277E2D4D0067B974 /* WorldTrotterUITests.xctest */ = {isa = PBXFileReference; explicitFileType = wrapper.cfbundle; includeInIndex = 0; path = WorldTrotterUITests.xctest; sourceTree = BUILT_PRODUCTS_DIR; };
		F371CE77277E2D4D0067B974 /* WorldTrotterUITests.swift */ = {isa = PBXFileReference; lastKnownFileType = sourcecode.swift; path = WorldTrotterUITests.swift; sourceTree = "<group>"; };
		F371CE79277E2D4D0067B974 /* Info.plist */ = {isa = PBXFileReference; lastKnownFileType = text.plist.xml; path = Info.plist; sourceTree = "<group>"; };
		F371CE85277EB7010067B974 /* MapViewController.swift */ = {isa = PBXFileReference; lastKnownFileType = sourcecode.swift; path = MapViewController.swift; sourceTree = "<group>"; };
		F376C808278CADC80067696B /* en */ = {isa = PBXFileReference; lastKnownFileType = text.plist.strings; name = en; path = en.lproj/Main.strings; sourceTree = "<group>"; };
		F376C809278CAE130067696B /* zh-Hans */ = {isa = PBXFileReference; lastKnownFileType = text.plist.strings; name = "zh-Hans"; path = "zh-Hans.lproj/Main.strings"; sourceTree = "<group>"; };
		F376C80A278CB01D0067696B /* es */ = {isa = PBXFileReference; lastKnownFileType = text.plist.strings; name = es; path = es.lproj/Main.strings; sourceTree = "<group>"; };
		F376C80E278CB6130067696B /* zh-Hans */ = {isa = PBXFileReference; lastKnownFileType = text.plist.strings; name = "zh-Hans"; path = "zh-Hans.lproj/Localizable.strings"; sourceTree = "<group>"; };
		F376C810278CB61D0067696B /* es */ = {isa = PBXFileReference; lastKnownFileType = text.plist.strings; name = es; path = es.lproj/Localizable.strings; sourceTree = "<group>"; };
		F376C811278CB61E0067696B /* en */ = {isa = PBXFileReference; lastKnownFileType = text.plist.strings; name = en; path = en.lproj/Localizable.strings; sourceTree = "<group>"; };
		F376C8CA278F4CDF0067696B /* ItemsViewController.swift */ = {isa = PBXFileReference; lastKnownFileType = sourcecode.swift; path = ItemsViewController.swift; sourceTree = "<group>"; };
		F376C8CC278F4E040067696B /* Item.swift */ = {isa = PBXFileReference; lastKnownFileType = sourcecode.swift; path = Item.swift; sourceTree = "<group>"; };
		F376C8CE278F50980067696B /* ItemStore.swift */ = {isa = PBXFileReference; lastKnownFileType = sourcecode.swift; path = ItemStore.swift; sourceTree = "<group>"; };
		F37A96D627974E26000F9B5E /* ItemCell.swift */ = {isa = PBXFileReference; lastKnownFileType = sourcecode.swift; path = ItemCell.swift; sourceTree = "<group>"; };
/* End PBXFileReference section */

/* Begin PBXFrameworksBuildPhase section */
		F371CE4F277E2D4A0067B974 /* Frameworks */ = {
			isa = PBXFrameworksBuildPhase;
			buildActionMask = 2147483647;
			files = (
			);
			runOnlyForDeploymentPostprocessing = 0;
		};
		F371CE65277E2D4D0067B974 /* Frameworks */ = {
			isa = PBXFrameworksBuildPhase;
			buildActionMask = 2147483647;
			files = (
			);
			runOnlyForDeploymentPostprocessing = 0;
		};
		F371CE70277E2D4D0067B974 /* Frameworks */ = {
			isa = PBXFrameworksBuildPhase;
			buildActionMask = 2147483647;
			files = (
			);
			runOnlyForDeploymentPostprocessing = 0;
		};
/* End PBXFrameworksBuildPhase section */

/* Begin PBXGroup section */
		F371CE49277E2D4A0067B974 = {
			isa = PBXGroup;
			children = (
				F371CE54277E2D4A0067B974 /* WorldTrotter */,
				F371CE6B277E2D4D0067B974 /* WorldTrotterTests */,
				F371CE76277E2D4D0067B974 /* WorldTrotterUITests */,
				F371CE53277E2D4A0067B974 /* Products */,
			);
			sourceTree = "<group>";
		};
		F371CE53277E2D4A0067B974 /* Products */ = {
			isa = PBXGroup;
			children = (
				F371CE52277E2D4A0067B974 /* WorldTrotter.app */,
				F371CE68277E2D4D0067B974 /* WorldTrotterTests.xctest */,
				F371CE73277E2D4D0067B974 /* WorldTrotterUITests.xctest */,
			);
			name = Products;
			sourceTree = "<group>";
		};
		F371CE54277E2D4A0067B974 /* WorldTrotter */ = {
			isa = PBXGroup;
			children = (
				F371CE55277E2D4A0067B974 /* AppDelegate.swift */,
				F371CE57277E2D4A0067B974 /* SceneDelegate.swift */,
				F376C8CA278F4CDF0067696B /* ItemsViewController.swift */,
				F376C8CC278F4E040067696B /* Item.swift */,
				F37A96D627974E26000F9B5E /* ItemCell.swift */,
				F376C8CE278F50980067696B /* ItemStore.swift */,
				F371CE59277E2D4A0067B974 /* ConversionViewController.swift */,
				F371CE5B277E2D4A0067B974 /* Main.storyboard */,
				F371CE85277EB7010067B974 /* MapViewController.swift */,
				F371CE5E277E2D4D0067B974 /* Assets.xcassets */,
				F376C80F278CB6130067696B /* Localizable.strings */,
				F371CE60277E2D4D0067B974 /* LaunchScreen.storyboard */,
				F371CE63277E2D4D0067B974 /* Info.plist */,
			);
			path = WorldTrotter;
			sourceTree = "<group>";
		};
		F371CE6B277E2D4D0067B974 /* WorldTrotterTests */ = {
			isa = PBXGroup;
			children = (
				F371CE6C277E2D4D0067B974 /* WorldTrotterTests.swift */,
				F371CE6E277E2D4D0067B974 /* Info.plist */,
			);
			path = WorldTrotterTests;
			sourceTree = "<group>";
		};
		F371CE76277E2D4D0067B974 /* WorldTrotterUITests */ = {
			isa = PBXGroup;
			children = (
				F371CE77277E2D4D0067B974 /* WorldTrotterUITests.swift */,
				F371CE79277E2D4D0067B974 /* Info.plist */,
			);
			path = WorldTrotterUITests;
			sourceTree = "<group>";
		};
/* End PBXGroup section */

/* Begin PBXNativeTarget section */
		F371CE51277E2D4A0067B974 /* WorldTrotter */ = {
			isa = PBXNativeTarget;
			buildConfigurationList = F371CE7C277E2D4E0067B974 /* Build configuration list for PBXNativeTarget "WorldTrotter" */;
			buildPhases = (
				F371CE4E277E2D4A0067B974 /* Sources */,
				F371CE4F277E2D4A0067B974 /* Frameworks */,
				F371CE50277E2D4A0067B974 /* Resources */,
			);
			buildRules = (
			);
			dependencies = (
			);
			name = WorldTrotter;
			productName = WorldTrotter;
			productReference = F371CE52277E2D4A0067B974 /* WorldTrotter.app */;
			productType = "com.apple.product-type.application";
		};
		F371CE67277E2D4D0067B974 /* WorldTrotterTests */ = {
			isa = PBXNativeTarget;
			buildConfigurationList = F371CE7F277E2D4E0067B974 /* Build configuration list for PBXNativeTarget "WorldTrotterTests" */;
			buildPhases = (
				F371CE64277E2D4D0067B974 /* Sources */,
				F371CE65277E2D4D0067B974 /* Frameworks */,
				F371CE66277E2D4D0067B974 /* Resources */,
			);
			buildRules = (
			);
			dependencies = (
				F371CE6A277E2D4D0067B974 /* PBXTargetDependency */,
			);
			name = WorldTrotterTests;
			productName = WorldTrotterTests;
			productReference = F371CE68277E2D4D0067B974 /* WorldTrotterTests.xctest */;
			productType = "com.apple.product-type.bundle.unit-test";
		};
		F371CE72277E2D4D0067B974 /* WorldTrotterUITests */ = {
			isa = PBXNativeTarget;
			buildConfigurationList = F371CE82277E2D4E0067B974 /* Build configuration list for PBXNativeTarget "WorldTrotterUITests" */;
			buildPhases = (
				F371CE6F277E2D4D0067B974 /* Sources */,
				F371CE70277E2D4D0067B974 /* Frameworks */,
				F371CE71277E2D4D0067B974 /* Resources */,
			);
			buildRules = (
			);
			dependencies = (
				F371CE75277E2D4D0067B974 /* PBXTargetDependency */,
			);
			name = WorldTrotterUITests;
			productName = WorldTrotterUITests;
			productReference = F371CE73277E2D4D0067B974 /* WorldTrotterUITests.xctest */;
			productType = "com.apple.product-type.bundle.ui-testing";
		};
/* End PBXNativeTarget section */

/* Begin PBXProject section */
		F371CE4A277E2D4A0067B974 /* Project object */ = {
			isa = PBXProject;
			attributes = {
				LastSwiftUpdateCheck = 1150;
				LastUpgradeCheck = 1150;
				ORGANIZATIONNAME = "Sara Liu";
				TargetAttributes = {
					F371CE51277E2D4A0067B974 = {
						CreatedOnToolsVersion = 11.5;
					};
					F371CE67277E2D4D0067B974 = {
						CreatedOnToolsVersion = 11.5;
						TestTargetID = F371CE51277E2D4A0067B974;
					};
					F371CE72277E2D4D0067B974 = {
						CreatedOnToolsVersion = 11.5;
						TestTargetID = F371CE51277E2D4A0067B974;
					};
				};
			};
			buildConfigurationList = F371CE4D277E2D4A0067B974 /* Build configuration list for PBXProject "WorldTrotter" */;
			compatibilityVersion = "Xcode 9.3";
			developmentRegion = en;
			hasScannedForEncodings = 0;
			knownRegions = (
				en,
				Base,
				"zh-Hans",
				es,
			);
			mainGroup = F371CE49277E2D4A0067B974;
			productRefGroup = F371CE53277E2D4A0067B974 /* Products */;
			projectDirPath = "";
			projectRoot = "";
			targets = (
				F371CE51277E2D4A0067B974 /* WorldTrotter */,
				F371CE67277E2D4D0067B974 /* WorldTrotterTests */,
				F371CE72277E2D4D0067B974 /* WorldTrotterUITests */,
			);
		};
/* End PBXProject section */

/* Begin PBXResourcesBuildPhase section */
		F371CE50277E2D4A0067B974 /* Resources */ = {
			isa = PBXResourcesBuildPhase;
			buildActionMask = 2147483647;
			files = (
				F371CE62277E2D4D0067B974 /* LaunchScreen.storyboard in Resources */,
				F376C80D278CB6130067696B /* Localizable.strings in Resources */,
				F371CE5F277E2D4D0067B974 /* Assets.xcassets in Resources */,
				F371CE5D277E2D4A0067B974 /* Main.storyboard in Resources */,
			);
			runOnlyForDeploymentPostprocessing = 0;
		};
		F371CE66277E2D4D0067B974 /* Resources */ = {
			isa = PBXResourcesBuildPhase;
			buildActionMask = 2147483647;
			files = (
			);
			runOnlyForDeploymentPostprocessing = 0;
		};
		F371CE71277E2D4D0067B974 /* Resources */ = {
			isa = PBXResourcesBuildPhase;
			buildActionMask = 2147483647;
			files = (
			);
			runOnlyForDeploymentPostprocessing = 0;
		};
/* End PBXResourcesBuildPhase section */

/* Begin PBXSourcesBuildPhase section */
		F371CE4E277E2D4A0067B974 /* Sources */ = {
			isa = PBXSourcesBuildPhase;
			buildActionMask = 2147483647;
			files = (
				F37A96D727974E26000F9B5E /* ItemCell.swift in Sources */,
				F376C8CB278F4CDF0067696B /* ItemsViewController.swift in Sources */,
				F371CE5A277E2D4A0067B974 /* ConversionViewController.swift in Sources */,
				F371CE56277E2D4A0067B974 /* AppDelegate.swift in Sources */,
				F371CE58277E2D4A0067B974 /* SceneDelegate.swift in Sources */,
				F376C8CD278F4E040067696B /* Item.swift in Sources */,
				F376C8CF278F50980067696B /* ItemStore.swift in Sources */,
				F371CE86277EB7010067B974 /* MapViewController.swift in Sources */,
			);
			runOnlyForDeploymentPostprocessing = 0;
		};
		F371CE64277E2D4D0067B974 /* Sources */ = {
			isa = PBXSourcesBuildPhase;
			buildActionMask = 2147483647;
			files = (
				F371CE6D277E2D4D0067B974 /* WorldTrotterTests.swift in Sources */,
			);
			runOnlyForDeploymentPostprocessing = 0;
		};
		F371CE6F277E2D4D0067B974 /* Sources */ = {
			isa = PBXSourcesBuildPhase;
			buildActionMask = 2147483647;
			files = (
				F371CE78277E2D4D0067B974 /* WorldTrotterUITests.swift in Sources */,
			);
			runOnlyForDeploymentPostprocessing = 0;
		};
/* End PBXSourcesBuildPhase section */

/* Begin PBXTargetDependency section */
		F371CE6A277E2D4D0067B974 /* PBXTargetDependency */ = {
			isa = PBXTargetDependency;
			target = F371CE51277E2D4A0067B974 /* WorldTrotter */;
			targetProxy = F371CE69277E2D4D0067B974 /* PBXContainerItemProxy */;
		};
		F371CE75277E2D4D0067B974 /* PBXTargetDependency */ = {
			isa = PBXTargetDependency;
			target = F371CE51277E2D4A0067B974 /* WorldTrotter */;
			targetProxy = F371CE74277E2D4D0067B974 /* PBXContainerItemProxy */;
		};
/* End PBXTargetDependency section */

/* Begin PBXVariantGroup section */
		F371CE5B277E2D4A0067B974 /* Main.storyboard */ = {
			isa = PBXVariantGroup;
			children = (
				F371CE5C277E2D4A0067B974 /* Base */,
				F376C808278CADC80067696B /* en */,
				F376C809278CAE130067696B /* zh-Hans */,
				F376C80A278CB01D0067696B /* es */,
			);
			name = Main.storyboard;
			sourceTree = "<group>";
		};
		F371CE60277E2D4D0067B974 /* LaunchScreen.storyboard */ = {
			isa = PBXVariantGroup;
			children = (
				F371CE61277E2D4D0067B974 /* Base */,
			);
			name = LaunchScreen.storyboard;
			sourceTree = "<group>";
		};
		F376C80F278CB6130067696B /* Localizable.strings */ = {
			isa = PBXVariantGroup;
			children = (
				F376C80E278CB6130067696B /* zh-Hans */,
				F376C810278CB61D0067696B /* es */,
				F376C811278CB61E0067696B /* en */,
			);
			name = Localizable.strings;
			sourceTree = "<group>";
		};
/* End PBXVariantGroup section */

/* Begin XCBuildConfiguration section */
		F371CE7A277E2D4E0067B974 /* Debug */ = {
			isa = XCBuildConfiguration;
			buildSettings = {
				ALWAYS_SEARCH_USER_PATHS = NO;
				CLANG_ANALYZER_LOCALIZABILITY_NONLOCALIZED = YES;
				CLANG_ANALYZER_NONNULL = YES;
				CLANG_ANALYZER_NUMBER_OBJECT_CONVERSION = YES_AGGRESSIVE;
				CLANG_CXX_LANGUAGE_STANDARD = "gnu++14";
				CLANG_CXX_LIBRARY = "libc++";
				CLANG_ENABLE_MODULES = YES;
				CLANG_ENABLE_OBJC_ARC = YES;
				CLANG_ENABLE_OBJC_WEAK = YES;
				CLANG_WARN_BLOCK_CAPTURE_AUTORELEASING = YES;
				CLANG_WARN_BOOL_CONVERSION = YES;
				CLANG_WARN_COMMA = YES;
				CLANG_WARN_CONSTANT_CONVERSION = YES;
				CLANG_WARN_DEPRECATED_OBJC_IMPLEMENTATIONS = YES;
				CLANG_WARN_DIRECT_OBJC_ISA_USAGE = YES_ERROR;
				CLANG_WARN_DOCUMENTATION_COMMENTS = YES;
				CLANG_WARN_EMPTY_BODY = YES;
				CLANG_WARN_ENUM_CONVERSION = YES;
				CLANG_WARN_INFINITE_RECURSION = YES;
				CLANG_WARN_INT_CONVERSION = YES;
				CLANG_WARN_NON_LITERAL_NULL_CONVERSION = YES;
				CLANG_WARN_OBJC_IMPLICIT_RETAIN_SELF = YES;
				CLANG_WARN_OBJC_LITERAL_CONVERSION = YES;
				CLANG_WARN_OBJC_ROOT_CLASS = YES_ERROR;
				CLANG_WARN_RANGE_LOOP_ANALYSIS = YES;
				CLANG_WARN_STRICT_PROTOTYPES = YES;
				CLANG_WARN_SUSPICIOUS_MOVE = YES;
				CLANG_WARN_UNGUARDED_AVAILABILITY = YES_AGGRESSIVE;
				CLANG_WARN_UNREACHABLE_CODE = YES;
				CLANG_WARN__DUPLICATE_METHOD_MATCH = YES;
				COPY_PHASE_STRIP = NO;
				DEBUG_INFORMATION_FORMAT = dwarf;
				ENABLE_STRICT_OBJC_MSGSEND = YES;
				ENABLE_TESTABILITY = YES;
				GCC_C_LANGUAGE_STANDARD = gnu11;
				GCC_DYNAMIC_NO_PIC = NO;
				GCC_NO_COMMON_BLOCKS = YES;
				GCC_OPTIMIZATION_LEVEL = 0;
				GCC_PREPROCESSOR_DEFINITIONS = (
					"DEBUG=1",
					"$(inherited)",
				);
				GCC_WARN_64_TO_32_BIT_CONVERSION = YES;
				GCC_WARN_ABOUT_RETURN_TYPE = YES_ERROR;
				GCC_WARN_UNDECLARED_SELECTOR = YES;
				GCC_WARN_UNINITIALIZED_AUTOS = YES_AGGRESSIVE;
				GCC_WARN_UNUSED_FUNCTION = YES;
				GCC_WARN_UNUSED_VARIABLE = YES;
				IPHONEOS_DEPLOYMENT_TARGET = 13.5;
				MTL_ENABLE_DEBUG_INFO = INCLUDE_SOURCE;
				MTL_FAST_MATH = YES;
				ONLY_ACTIVE_ARCH = YES;
				SDKROOT = iphoneos;
				SWIFT_ACTIVE_COMPILATION_CONDITIONS = DEBUG;
				SWIFT_OPTIMIZATION_LEVEL = "-Onone";
			};
			name = Debug;
		};
		F371CE7B277E2D4E0067B974 /* Release */ = {
			isa = XCBuildConfiguration;
			buildSettings = {
				ALWAYS_SEARCH_USER_PATHS = NO;
				CLANG_ANALYZER_LOCALIZABILITY_NONLOCALIZED = YES;
				CLANG_ANALYZER_NONNULL = YES;
				CLANG_ANALYZER_NUMBER_OBJECT_CONVERSION = YES_AGGRESSIVE;
				CLANG_CXX_LANGUAGE_STANDARD = "gnu++14";
				CLANG_CXX_LIBRARY = "libc++";
				CLANG_ENABLE_MODULES = YES;
				CLANG_ENABLE_OBJC_ARC = YES;
				CLANG_ENABLE_OBJC_WEAK = YES;
				CLANG_WARN_BLOCK_CAPTURE_AUTORELEASING = YES;
				CLANG_WARN_BOOL_CONVERSION = YES;
				CLANG_WARN_COMMA = YES;
				CLANG_WARN_CONSTANT_CONVERSION = YES;
				CLANG_WARN_DEPRECATED_OBJC_IMPLEMENTATIONS = YES;
				CLANG_WARN_DIRECT_OBJC_ISA_USAGE = YES_ERROR;
				CLANG_WARN_DOCUMENTATION_COMMENTS = YES;
				CLANG_WARN_EMPTY_BODY = YES;
				CLANG_WARN_ENUM_CONVERSION = YES;
				CLANG_WARN_INFINITE_RECURSION = YES;
				CLANG_WARN_INT_CONVERSION = YES;
				CLANG_WARN_NON_LITERAL_NULL_CONVERSION = YES;
				CLANG_WARN_OBJC_IMPLICIT_RETAIN_SELF = YES;
				CLANG_WARN_OBJC_LITERAL_CONVERSION = YES;
				CLANG_WARN_OBJC_ROOT_CLASS = YES_ERROR;
				CLANG_WARN_RANGE_LOOP_ANALYSIS = YES;
				CLANG_WARN_STRICT_PROTOTYPES = YES;
				CLANG_WARN_SUSPICIOUS_MOVE = YES;
				CLANG_WARN_UNGUARDED_AVAILABILITY = YES_AGGRESSIVE;
				CLANG_WARN_UNREACHABLE_CODE = YES;
				CLANG_WARN__DUPLICATE_METHOD_MATCH = YES;
				COPY_PHASE_STRIP = NO;
				DEBUG_INFORMATION_FORMAT = "dwarf-with-dsym";
				ENABLE_NS_ASSERTIONS = NO;
				ENABLE_STRICT_OBJC_MSGSEND = YES;
				GCC_C_LANGUAGE_STANDARD = gnu11;
				GCC_NO_COMMON_BLOCKS = YES;
				GCC_WARN_64_TO_32_BIT_CONVERSION = YES;
				GCC_WARN_ABOUT_RETURN_TYPE = YES_ERROR;
				GCC_WARN_UNDECLARED_SELECTOR = YES;
				GCC_WARN_UNINITIALIZED_AUTOS = YES_AGGRESSIVE;
				GCC_WARN_UNUSED_FUNCTION = YES;
				GCC_WARN_UNUSED_VARIABLE = YES;
				IPHONEOS_DEPLOYMENT_TARGET = 13.5;
				MTL_ENABLE_DEBUG_INFO = NO;
				MTL_FAST_MATH = YES;
				SDKROOT = iphoneos;
				SWIFT_COMPILATION_MODE = wholemodule;
				SWIFT_OPTIMIZATION_LEVEL = "-O";
				VALIDATE_PRODUCT = YES;
			};
			name = Release;
		};
		F371CE7D277E2D4E0067B974 /* Debug */ = {
			isa = XCBuildConfiguration;
			buildSettings = {
				ASSETCATALOG_COMPILER_APPICON_NAME = AppIcon;
				CODE_SIGN_STYLE = Automatic;
				INFOPLIST_FILE = WorldTrotter/Info.plist;
				LD_RUNPATH_SEARCH_PATHS = (
					"$(inherited)",
					"@executable_path/Frameworks",
				);
				PRODUCT_BUNDLE_IDENTIFIER = saralsy.WorldTrotter;
				PRODUCT_NAME = "$(TARGET_NAME)";
				SWIFT_VERSION = 5.0;
				TARGETED_DEVICE_FAMILY = "1,2";
			};
			name = Debug;
		};
		F371CE7E277E2D4E0067B974 /* Release */ = {
			isa = XCBuildConfiguration;
			buildSettings = {
				ASSETCATALOG_COMPILER_APPICON_NAME = AppIcon;
				CODE_SIGN_STYLE = Automatic;
				INFOPLIST_FILE = WorldTrotter/Info.plist;
				LD_RUNPATH_SEARCH_PATHS = (
					"$(inherited)",
					"@executable_path/Frameworks",
				);
				PRODUCT_BUNDLE_IDENTIFIER = saralsy.WorldTrotter;
				PRODUCT_NAME = "$(TARGET_NAME)";
				SWIFT_VERSION = 5.0;
				TARGETED_DEVICE_FAMILY = "1,2";
			};
			name = Release;
		};
		F371CE80277E2D4E0067B974 /* Debug */ = {
			isa = XCBuildConfiguration;
			buildSettings = {
				ALWAYS_EMBED_SWIFT_STANDARD_LIBRARIES = YES;
				BUNDLE_LOADER = "$(TEST_HOST)";
				CODE_SIGN_STYLE = Automatic;
				INFOPLIST_FILE = WorldTrotterTests/Info.plist;
				IPHONEOS_DEPLOYMENT_TARGET = 13.5;
				LD_RUNPATH_SEARCH_PATHS = (
					"$(inherited)",
					"@executable_path/Frameworks",
					"@loader_path/Frameworks",
				);
				PRODUCT_BUNDLE_IDENTIFIER = saralsy.WorldTrotterTests;
				PRODUCT_NAME = "$(TARGET_NAME)";
				SWIFT_VERSION = 5.0;
				TARGETED_DEVICE_FAMILY = "1,2";
				TEST_HOST = "$(BUILT_PRODUCTS_DIR)/WorldTrotter.app/WorldTrotter";
			};
			name = Debug;
		};
		F371CE81277E2D4E0067B974 /* Release */ = {
			isa = XCBuildConfiguration;
			buildSettings = {
				ALWAYS_EMBED_SWIFT_STANDARD_LIBRARIES = YES;
				BUNDLE_LOADER = "$(TEST_HOST)";
				CODE_SIGN_STYLE = Automatic;
				INFOPLIST_FILE = WorldTrotterTests/Info.plist;
				IPHONEOS_DEPLOYMENT_TARGET = 13.5;
				LD_RUNPATH_SEARCH_PATHS = (
					"$(inherited)",
					"@executable_path/Frameworks",
					"@loader_path/Frameworks",
				);
				PRODUCT_BUNDLE_IDENTIFIER = saralsy.WorldTrotterTests;
				PRODUCT_NAME = "$(TARGET_NAME)";
				SWIFT_VERSION = 5.0;
				TARGETED_DEVICE_FAMILY = "1,2";
				TEST_HOST = "$(BUILT_PRODUCTS_DIR)/WorldTrotter.app/WorldTrotter";
			};
			name = Release;
		};
		F371CE83277E2D4E0067B974 /* Debug */ = {
			isa = XCBuildConfiguration;
			buildSettings = {
				ALWAYS_EMBED_SWIFT_STANDARD_LIBRARIES = YES;
				CODE_SIGN_STYLE = Automatic;
				INFOPLIST_FILE = WorldTrotterUITests/Info.plist;
				LD_RUNPATH_SEARCH_PATHS = (
					"$(inherited)",
					"@executable_path/Frameworks",
					"@loader_path/Frameworks",
				);
				PRODUCT_BUNDLE_IDENTIFIER = saralsy.WorldTrotterUITests;
				PRODUCT_NAME = "$(TARGET_NAME)";
				SWIFT_VERSION = 5.0;
				TARGETED_DEVICE_FAMILY = "1,2";
				TEST_TARGET_NAME = WorldTrotter;
			};
			name = Debug;
		};
		F371CE84277E2D4E0067B974 /* Release */ = {
			isa = XCBuildConfiguration;
			buildSettings = {
				ALWAYS_EMBED_SWIFT_STANDARD_LIBRARIES = YES;
				CODE_SIGN_STYLE = Automatic;
				INFOPLIST_FILE = WorldTrotterUITests/Info.plist;
				LD_RUNPATH_SEARCH_PATHS = (
					"$(inherited)",
					"@executable_path/Frameworks",
					"@loader_path/Frameworks",
				);
				PRODUCT_BUNDLE_IDENTIFIER = saralsy.WorldTrotterUITests;
				PRODUCT_NAME = "$(TARGET_NAME)";
				SWIFT_VERSION = 5.0;
				TARGETED_DEVICE_FAMILY = "1,2";
				TEST_TARGET_NAME = WorldTrotter;
			};
			name = Release;
		};
/* End XCBuildConfiguration section */

/* Begin XCConfigurationList section */
		F371CE4D277E2D4A0067B974 /* Build configuration list for PBXProject "WorldTrotter" */ = {
			isa = XCConfigurationList;
			buildConfigurations = (
				F371CE7A277E2D4E0067B974 /* Debug */,
				F371CE7B277E2D4E0067B974 /* Release */,
			);
			defaultConfigurationIsVisible = 0;
			defaultConfigurationName = Release;
		};
		F371CE7C277E2D4E0067B974 /* Build configuration list for PBXNativeTarget "WorldTrotter" */ = {
			isa = XCConfigurationList;
			buildConfigurations = (
				F371CE7D277E2D4E0067B974 /* Debug */,
				F371CE7E277E2D4E0067B974 /* Release */,
			);
			defaultConfigurationIsVisible = 0;
			defaultConfigurationName = Release;
		};
		F371CE7F277E2D4E0067B974 /* Build configuration list for PBXNativeTarget "WorldTrotterTests" */ = {
			isa = XCConfigurationList;
			buildConfigurations = (
				F371CE80277E2D4E0067B974 /* Debug */,
				F371CE81277E2D4E0067B974 /* Release */,
			);
			defaultConfigurationIsVisible = 0;
			defaultConfigurationName = Release;
		};
		F371CE82277E2D4E0067B974 /* Build configuration list for PBXNativeTarget "WorldTrotterUITests" */ = {
			isa = XCConfigurationList;
			buildConfigurations = (
				F371CE83277E2D4E0067B974 /* Debug */,
				F371CE84277E2D4E0067B974 /* Release */,
			);
			defaultConfigurationIsVisible = 0;
			defaultConfigurationName = Release;
		};
/* End XCConfigurationList section */
	};
	rootObject = F371CE4A277E2D4A0067B974 /* Project object */;
}
